
Microsoft Visual Studio Solution File, Format Version 12.00
# Visual Studio 15
VisualStudioVersion = 15.0.28307.779
MinimumVisualStudioVersion = 10.0.40219.1
Project("{9A19103F-16F7-4668-BE54-9A1E7A4F7556}") = "Varhead", "Varhead\Varhead.csproj", "{72B6264A-5888-4CF5-8803-E35396C5A9BF}"
EndProject
Project("{9A19103F-16F7-4668-BE54-9A1E7A4F7556}") = "VarheadTest", "VarheadTest\VarheadTest.csproj", "{C8709592-D4EA-4754-816E-E156231A69D3}"
EndProject
Project("{9A19103F-16F7-4668-BE54-9A1E7A4F7556}") = "LSender", "LSender\LSender\LSender.csproj", "{E8D12500-D337-4404-AA36-48A5EB41B98D}"
EndProject
Project("{2150E333-8FDC-42A3-9474-1A3956D46DE8}") = "root", "root", "{AFCA83E2-E68B-4ECC-B08C-FCFE2FD2E7CC}"
	ProjectSection(SolutionItems) = preProject
		License.txt = License.txt
		Readme.md = Readme.md
	EndProjectSection
EndProject
Project("{9A19103F-16F7-4668-BE54-9A1E7A4F7556}") = "LSenderTest", "LSender\LSenderTest\LSenderTest.csproj", "{C1BCCCB4-A7E8-410C-AA41-360B671476F3}"
EndProject
Project("{2150E333-8FDC-42A3-9474-1A3956D46DE8}") = "tools", "tools", "{18CEBACE-A906-4E72-B2A3-A62C639928DF}"
	ProjectSection(SolutionItems) = preProject
		tools\gnt.bat = tools\gnt.bat
		tools\hMSBuild.bat = tools\hMSBuild.bat
	EndProjectSection
EndProject
Global
	GlobalSection(SolutionConfigurationPlatforms) = preSolution
		DBG_SDK10|Any CPU = DBG_SDK10|Any CPU
		DBG_SDK15|Any CPU = DBG_SDK15|Any CPU
		DCI_SDK10|Any CPU = DCI_SDK10|Any CPU
		DCI_SDK15|Any CPU = DCI_SDK15|Any CPU
		RCI_SDK10|Any CPU = RCI_SDK10|Any CPU
		RCI_SDK15|Any CPU = RCI_SDK15|Any CPU
		REL_SDK10|Any CPU = REL_SDK10|Any CPU
		REL_SDK15|Any CPU = REL_SDK15|Any CPU
	EndGlobalSection
	GlobalSection(ProjectConfigurationPlatforms) = postSolution
		{72B6264A-5888-4CF5-8803-E35396C5A9BF}.DBG_SDK10|Any CPU.ActiveCfg = DBG_SDK10|Any CPU
		{72B6264A-5888-4CF5-8803-E35396C5A9BF}.DBG_SDK10|Any CPU.Build.0 = DBG_SDK10|Any CPU
		{72B6264A-5888-4CF5-8803-E35396C5A9BF}.DBG_SDK15|Any CPU.ActiveCfg = DBG_SDK15|Any CPU
		{72B6264A-5888-4CF5-8803-E35396C5A9BF}.DBG_SDK15|Any CPU.Build.0 = DBG_SDK15|Any CPU
		{72B6264A-5888-4CF5-8803-E35396C5A9BF}.DCI_SDK10|Any CPU.ActiveCfg = DCI_SDK10|Any CPU
		{72B6264A-5888-4CF5-8803-E35396C5A9BF}.DCI_SDK10|Any CPU.Build.0 = DCI_SDK10|Any CPU
		{72B6264A-5888-4CF5-8803-E35396C5A9BF}.DCI_SDK15|Any CPU.ActiveCfg = DCI_SDK15|Any CPU
		{72B6264A-5888-4CF5-8803-E35396C5A9BF}.DCI_SDK15|Any CPU.Build.0 = DCI_SDK15|Any CPU
		{72B6264A-5888-4CF5-8803-E35396C5A9BF}.RCI_SDK10|Any CPU.ActiveCfg = RCI_SDK10|Any CPU
		{72B6264A-5888-4CF5-8803-E35396C5A9BF}.RCI_SDK10|Any CPU.Build.0 = RCI_SDK10|Any CPU
		{72B6264A-5888-4CF5-8803-E35396C5A9BF}.RCI_SDK15|Any CPU.ActiveCfg = RCI_SDK15|Any CPU
		{72B6264A-5888-4CF5-8803-E35396C5A9BF}.RCI_SDK15|Any CPU.Build.0 = RCI_SDK15|Any CPU
		{72B6264A-5888-4CF5-8803-E35396C5A9BF}.REL_SDK10|Any CPU.ActiveCfg = REL_SDK10|Any CPU
		{72B6264A-5888-4CF5-8803-E35396C5A9BF}.REL_SDK10|Any CPU.Build.0 = REL_SDK10|Any CPU
		{72B6264A-5888-4CF5-8803-E35396C5A9BF}.REL_SDK15|Any CPU.ActiveCfg = REL_SDK15|Any CPU
		{72B6264A-5888-4CF5-8803-E35396C5A9BF}.REL_SDK15|Any CPU.Build.0 = REL_SDK15|Any CPU
		{C8709592-D4EA-4754-816E-E156231A69D3}.DBG_SDK10|Any CPU.ActiveCfg = DBG_SDK10|Any CPU
		{C8709592-D4EA-4754-816E-E156231A69D3}.DBG_SDK10|Any CPU.Build.0 = DBG_SDK10|Any CPU
		{C8709592-D4EA-4754-816E-E156231A69D3}.DBG_SDK15|Any CPU.ActiveCfg = DBG_SDK15|Any CPU
		{C8709592-D4EA-4754-816E-E156231A69D3}.DBG_SDK15|Any CPU.Build.0 = DBG_SDK15|Any CPU
		{C8709592-D4EA-4754-816E-E156231A69D3}.DCI_SDK10|Any CPU.ActiveCfg = DCI_SDK10|Any CPU
		{C8709592-D4EA-4754-816E-E156231A69D3}.DCI_SDK10|Any CPU.Build.0 = DCI_SDK10|Any CPU
		{C8709592-D4EA-4754-816E-E156231A69D3}.DCI_SDK15|Any CPU.ActiveCfg = DCI_SDK15|Any CPU
		{C8709592-D4EA-4754-816E-E156231A69D3}.DCI_SDK15|Any CPU.Build.0 = DCI_SDK15|Any CPU
		{C8709592-D4EA-4754-816E-E156231A69D3}.RCI_SDK10|Any CPU.ActiveCfg = RCI_SDK10|Any CPU
		{C8709592-D4EA-4754-816E-E156231A69D3}.RCI_SDK10|Any CPU.Build.0 = RCI_SDK10|Any CPU
		{C8709592-D4EA-4754-816E-E156231A69D3}.RCI_SDK15|Any CPU.ActiveCfg = RCI_SDK15|Any CPU
		{C8709592-D4EA-4754-816E-E156231A69D3}.RCI_SDK15|Any CPU.Build.0 = RCI_SDK15|Any CPU
		{C8709592-D4EA-4754-816E-E156231A69D3}.REL_SDK10|Any CPU.ActiveCfg = REL_SDK10|Any CPU
		{C8709592-D4EA-4754-816E-E156231A69D3}.REL_SDK10|Any CPU.Build.0 = REL_SDK10|Any CPU
		{C8709592-D4EA-4754-816E-E156231A69D3}.REL_SDK15|Any CPU.ActiveCfg = REL_SDK15|Any CPU
		{C8709592-D4EA-4754-816E-E156231A69D3}.REL_SDK15|Any CPU.Build.0 = REL_SDK15|Any CPU
		{E8D12500-D337-4404-AA36-48A5EB41B98D}.DBG_SDK10|Any CPU.ActiveCfg = DBG_SDK10|Any CPU
		{E8D12500-D337-4404-AA36-48A5EB41B98D}.DBG_SDK10|Any CPU.Build.0 = DBG_SDK10|Any CPU
		{E8D12500-D337-4404-AA36-48A5EB41B98D}.DBG_SDK15|Any CPU.ActiveCfg = DBG_SDK15|Any CPU
		{E8D12500-D337-4404-AA36-48A5EB41B98D}.DBG_SDK15|Any CPU.Build.0 = DBG_SDK15|Any CPU
		{E8D12500-D337-4404-AA36-48A5EB41B98D}.DCI_SDK10|Any CPU.ActiveCfg = DCI_SDK10|Any CPU
		{E8D12500-D337-4404-AA36-48A5EB41B98D}.DCI_SDK10|Any CPU.Build.0 = DCI_SDK10|Any CPU
		{E8D12500-D337-4404-AA36-48A5EB41B98D}.DCI_SDK15|Any CPU.ActiveCfg = DCI_SDK15|Any CPU
		{E8D12500-D337-4404-AA36-48A5EB41B98D}.DCI_SDK15|Any CPU.Build.0 = DCI_SDK15|Any CPU
		{E8D12500-D337-4404-AA36-48A5EB41B98D}.RCI_SDK10|Any CPU.ActiveCfg = RCI_SDK10|Any CPU
		{E8D12500-D337-4404-AA36-48A5EB41B98D}.RCI_SDK10|Any CPU.Build.0 = RCI_SDK10|Any CPU
		{E8D12500-D337-4404-AA36-48A5EB41B98D}.RCI_SDK15|Any CPU.ActiveCfg = RCI_SDK15|Any CPU
		{E8D12500-D337-4404-AA36-48A5EB41B98D}.RCI_SDK15|Any CPU.Build.0 = RCI_SDK15|Any CPU
		{E8D12500-D337-4404-AA36-48A5EB41B98D}.REL_SDK10|Any CPU.ActiveCfg = REL_SDK10|Any CPU
		{E8D12500-D337-4404-AA36-48A5EB41B98D}.REL_SDK10|Any CPU.Build.0 = REL_SDK10|Any CPU
		{E8D12500-D337-4404-AA36-48A5EB41B98D}.REL_SDK15|Any CPU.ActiveCfg = REL_SDK15|Any CPU
		{E8D12500-D337-4404-AA36-48A5EB41B98D}.REL_SDK15|Any CPU.Build.0 = REL_SDK15|Any CPU
		{C1BCCCB4-A7E8-410C-AA41-360B671476F3}.DBG_SDK10|Any CPU.ActiveCfg = DBG_SDK10|Any CPU
		{C1BCCCB4-A7E8-410C-AA41-360B671476F3}.DBG_SDK10|Any CPU.Build.0 = DBG_SDK10|Any CPU
		{C1BCCCB4-A7E8-410C-AA41-360B671476F3}.DBG_SDK15|Any CPU.ActiveCfg = DBG_SDK15|Any CPU
		{C1BCCCB4-A7E8-410C-AA41-360B671476F3}.DBG_SDK15|Any CPU.Build.0 = DBG_SDK15|Any CPU
		{C1BCCCB4-A7E8-410C-AA41-360B671476F3}.DCI_SDK10|Any CPU.ActiveCfg = DCI_SDK10|Any CPU
		{C1BCCCB4-A7E8-410C-AA41-360B671476F3}.DCI_SDK10|Any CPU.Build.0 = DCI_SDK10|Any CPU
		{C1BCCCB4-A7E8-410C-AA41-360B671476F3}.DCI_SDK15|Any CPU.ActiveCfg = DCI_SDK15|Any CPU
		{C1BCCCB4-A7E8-410C-AA41-360B671476F3}.DCI_SDK15|Any CPU.Build.0 = DCI_SDK15|Any CPU
		{C1BCCCB4-A7E8-410C-AA41-360B671476F3}.RCI_SDK10|Any CPU.ActiveCfg = RCI_SDK10|Any CPU
		{C1BCCCB4-A7E8-410C-AA41-360B671476F3}.RCI_SDK10|Any CPU.Build.0 = RCI_SDK10|Any CPU
		{C1BCCCB4-A7E8-410C-AA41-360B671476F3}.RCI_SDK15|Any CPU.ActiveCfg = RCI_SDK15|Any CPU
		{C1BCCCB4-A7E8-410C-AA41-360B671476F3}.RCI_SDK15|Any CPU.Build.0 = RCI_SDK15|Any CPU
		{C1BCCCB4-A7E8-410C-AA41-360B671476F3}.REL_SDK10|Any CPU.ActiveCfg = REL_SDK10|Any CPU
		{C1BCCCB4-A7E8-410C-AA41-360B671476F3}.REL_SDK10|Any CPU.Build.0 = REL_SDK10|Any CPU
		{C1BCCCB4-A7E8-410C-AA41-360B671476F3}.REL_SDK15|Any CPU.ActiveCfg = REL_SDK15|Any CPU
		{C1BCCCB4-A7E8-410C-AA41-360B671476F3}.REL_SDK15|Any CPU.Build.0 = REL_SDK15|Any CPU
	EndGlobalSection
	GlobalSection(SolutionProperties) = preSolution
		HideSolutionNode = FALSE
	EndGlobalSection
	GlobalSection(ExtensibilityGlobals) = postSolution
		SolutionGuid = {D125B100-7998-4FA1-B993-EA6FC29AEAE4}
	EndGlobalSection
EndGlobal
